
Microsoft Visual Studio Solution File, Format Version 12.00
# Visual Studio Version 16
VisualStudioVersion = 16.0.30907.101
MinimumVisualStudioVersion = 10.0.40219.1
Project("{FAE04EC0-301F-11D3-BF4B-00C04F79EFBC}") = "WebFormTuto", "WebFormTuto\WebFormTuto.csproj", "{6E3E8BF3-65C4-4119-BE9A-2C6ABBAB3D09}"
EndProject
Global
	GlobalSection(SolutionConfigurationPlatforms) = preSolution
		Debug|Any CPU = Debug|Any CPU
		Release|Any CPU = Release|Any CPU
	EndGlobalSection
	GlobalSection(ProjectConfigurationPlatforms) = postSolution
		{6E3E8BF3-65C4-4119-BE9A-2C6ABBAB3D09}.Debug|Any CPU.ActiveCfg = Debug|Any CPU
		{6E3E8BF3-65C4-4119-BE9A-2C6ABBAB3D09}.Debug|Any CPU.Build.0 = Debug|Any CPU
		{6E3E8BF3-65C4-4119-BE9A-2C6ABBAB3D09}.Release|Any CPU.ActiveCfg = Release|Any CPU
		{6E3E8BF3-65C4-4119-BE9A-2C6ABBAB3D09}.Release|Any CPU.Build.0 = Release|Any CPU
	EndGlobalSection
	GlobalSection(SolutionProperties) = preSolution
		HideSolutionNode = FALSE
	EndGlobalSection
	GlobalSection(ExtensibilityGlobals) = postSolution
		SolutionGuid = {F09AF0B0-6ABA-4768-9BEF-5C3C11643D5A}
	EndGlobalSection
EndGlobal
